
Microsoft Visual Studio Solution File, Format Version 12.00
# Visual Studio 15
VisualStudioVersion = 15.0.28307.1022
MinimumVisualStudioVersion = 10.0.40219.1
Project("{FAE04EC0-301F-11D3-BF4B-00C04F79EFBC}") = "Nexus", "Nexus\Nexus.csproj", "{8672E7F9-E499-45E8-A5FA-DB4BE09B61F4}"
EndProject
Project("{FAE04EC0-301F-11D3-BF4B-00C04F79EFBC}") = "DatabaseDAL", "DatabaseDAL\DatabaseDAL.csproj", "{82337731-4EAB-4EAA-9732-AABAE10DCB80}"
EndProject
Project("{FAE04EC0-301F-11D3-BF4B-00C04F79EFBC}") = "Common", "Common\Common.csproj", "{6BC6EE66-DF73-4DFF-B3EA-6C2542C6B11E}"
EndProject
Project("{FAE04EC0-301F-11D3-BF4B-00C04F79EFBC}") = "Entity", "Entity\Entity.csproj", "{62DD8E15-037B-4AF3-99AC-41BE4FB6E4B6}"
EndProject
Project("{FAE04EC0-301F-11D3-BF4B-00C04F79EFBC}") = "BaseUtils", "BaseUtils\BaseUtils.csproj", "{485E3B87-B815-448B-8D29-B8804A9C4856}"
EndProject
Global
	GlobalSection(SolutionConfigurationPlatforms) = preSolution
		Debug|Any CPU = Debug|Any CPU
		Debug|x86 = Debug|x86
		Release|Any CPU = Release|Any CPU
		Release|x86 = Release|x86
	EndGlobalSection
	GlobalSection(ProjectConfigurationPlatforms) = postSolution
		{8672E7F9-E499-45E8-A5FA-DB4BE09B61F4}.Debug|Any CPU.ActiveCfg = Debug|Any CPU
		{8672E7F9-E499-45E8-A5FA-DB4BE09B61F4}.Debug|Any CPU.Build.0 = Debug|Any CPU
		{8672E7F9-E499-45E8-A5FA-DB4BE09B61F4}.Debug|x86.ActiveCfg = Debug|Any CPU
		{8672E7F9-E499-45E8-A5FA-DB4BE09B61F4}.Debug|x86.Build.0 = Debug|Any CPU
		{8672E7F9-E499-45E8-A5FA-DB4BE09B61F4}.Release|Any CPU.ActiveCfg = Release|Any CPU
		{8672E7F9-E499-45E8-A5FA-DB4BE09B61F4}.Release|Any CPU.Build.0 = Release|Any CPU
		{8672E7F9-E499-45E8-A5FA-DB4BE09B61F4}.Release|x86.ActiveCfg = Release|Any CPU
		{8672E7F9-E499-45E8-A5FA-DB4BE09B61F4}.Release|x86.Build.0 = Release|Any CPU
		{82337731-4EAB-4EAA-9732-AABAE10DCB80}.Debug|Any CPU.ActiveCfg = Debug|Any CPU
		{82337731-4EAB-4EAA-9732-AABAE10DCB80}.Debug|Any CPU.Build.0 = Debug|Any CPU
		{82337731-4EAB-4EAA-9732-AABAE10DCB80}.Debug|x86.ActiveCfg = Debug|Any CPU
		{82337731-4EAB-4EAA-9732-AABAE10DCB80}.Debug|x86.Build.0 = Debug|Any CPU
		{82337731-4EAB-4EAA-9732-AABAE10DCB80}.Release|Any CPU.ActiveCfg = Release|Any CPU
		{82337731-4EAB-4EAA-9732-AABAE10DCB80}.Release|Any CPU.Build.0 = Release|Any CPU
		{82337731-4EAB-4EAA-9732-AABAE10DCB80}.Release|x86.ActiveCfg = Release|Any CPU
		{82337731-4EAB-4EAA-9732-AABAE10DCB80}.Release|x86.Build.0 = Release|Any CPU
		{6BC6EE66-DF73-4DFF-B3EA-6C2542C6B11E}.Debug|Any CPU.ActiveCfg = Debug|Any CPU
		{6BC6EE66-DF73-4DFF-B3EA-6C2542C6B11E}.Debug|Any CPU.Build.0 = Debug|Any CPU
		{6BC6EE66-DF73-4DFF-B3EA-6C2542C6B11E}.Debug|x86.ActiveCfg = Debug|x86
		{6BC6EE66-DF73-4DFF-B3EA-6C2542C6B11E}.Debug|x86.Build.0 = Debug|x86
		{6BC6EE66-DF73-4DFF-B3EA-6C2542C6B11E}.Release|Any CPU.ActiveCfg = Release|Any CPU
		{6BC6EE66-DF73-4DFF-B3EA-6C2542C6B11E}.Release|Any CPU.Build.0 = Release|Any CPU
		{6BC6EE66-DF73-4DFF-B3EA-6C2542C6B11E}.Release|x86.ActiveCfg = Release|x86
		{6BC6EE66-DF73-4DFF-B3EA-6C2542C6B11E}.Release|x86.Build.0 = Release|x86
		{62DD8E15-037B-4AF3-99AC-41BE4FB6E4B6}.Debug|Any CPU.ActiveCfg = Debug|Any CPU
		{62DD8E15-037B-4AF3-99AC-41BE4FB6E4B6}.Debug|Any CPU.Build.0 = Debug|Any CPU
		{62DD8E15-037B-4AF3-99AC-41BE4FB6E4B6}.Debug|x86.ActiveCfg = Debug|x86
		{62DD8E15-037B-4AF3-99AC-41BE4FB6E4B6}.Debug|x86.Build.0 = Debug|x86
		{62DD8E15-037B-4AF3-99AC-41BE4FB6E4B6}.Release|Any CPU.ActiveCfg = Release|Any CPU
		{62DD8E15-037B-4AF3-99AC-41BE4FB6E4B6}.Release|Any CPU.Build.0 = Release|Any CPU
		{62DD8E15-037B-4AF3-99AC-41BE4FB6E4B6}.Release|x86.ActiveCfg = Release|x86
		{62DD8E15-037B-4AF3-99AC-41BE4FB6E4B6}.Release|x86.Build.0 = Release|x86
		{485E3B87-B815-448B-8D29-B8804A9C4856}.Debug|Any CPU.ActiveCfg = Debug|Any CPU
		{485E3B87-B815-448B-8D29-B8804A9C4856}.Debug|Any CPU.Build.0 = Debug|Any CPU
		{485E3B87-B815-448B-8D29-B8804A9C4856}.Debug|x86.ActiveCfg = Debug|Any CPU
		{485E3B87-B815-448B-8D29-B8804A9C4856}.Debug|x86.Build.0 = Debug|Any CPU
		{485E3B87-B815-448B-8D29-B8804A9C4856}.Release|Any CPU.ActiveCfg = Release|Any CPU
		{485E3B87-B815-448B-8D29-B8804A9C4856}.Release|Any CPU.Build.0 = Release|Any CPU
		{485E3B87-B815-448B-8D29-B8804A9C4856}.Release|x86.ActiveCfg = Release|Any CPU
		{485E3B87-B815-448B-8D29-B8804A9C4856}.Release|x86.Build.0 = Release|Any CPU
	EndGlobalSection
	GlobalSection(SolutionProperties) = preSolution
		HideSolutionNode = FALSE
	EndGlobalSection
	GlobalSection(ExtensibilityGlobals) = postSolution
		SolutionGuid = {3E7407B4-F2F2-4723-9736-78F69C2A5F2C}
	EndGlobalSection
EndGlobal
